
Microsoft Visual Studio Solution File, Format Version 12.00
# Visual Studio Version 16
VisualStudioVersion = 16.0.30104.148
MinimumVisualStudioVersion = 10.0.40219.1
Project("{9A19103F-16F7-4668-BE54-9A1E7A4F7556}") = "ChatProducer", "ChatProducer\ChatProducer.csproj", "{0B5E1E42-509E-4292-877C-B823FE999460}"
EndProject
Global
	GlobalSection(SolutionConfigurationPlatforms) = preSolution
		Debug|Any CPU = Debug|Any CPU
		Release|Any CPU = Release|Any CPU
	EndGlobalSection
	GlobalSection(ProjectConfigurationPlatforms) = postSolution
		{0B5E1E42-509E-4292-877C-B823FE999460}.Debug|Any CPU.ActiveCfg = Debug|Any CPU
		{0B5E1E42-509E-4292-877C-B823FE999460}.Debug|Any CPU.Build.0 = Debug|Any CPU
		{0B5E1E42-509E-4292-877C-B823FE999460}.Release|Any CPU.ActiveCfg = Release|Any CPU
		{0B5E1E42-509E-4292-877C-B823FE999460}.Release|Any CPU.Build.0 = Release|Any CPU
	EndGlobalSection
	GlobalSection(SolutionProperties) = preSolution
		HideSolutionNode = FALSE
	EndGlobalSection
	GlobalSection(ExtensibilityGlobals) = postSolution
		SolutionGuid = {6543E2AE-4C2B-4A5F-8758-44E9FE1B3C99}
	EndGlobalSection
EndGlobal
